
Microsoft Visual Studio Solution File, Format Version 12.00
# Visual Studio Version 17
VisualStudioVersion = 17.14.36202.13
MinimumVisualStudioVersion = 10.0.40219.1
Project("{FAE04EC0-301F-11D3-BF4B-00C04F79EFBC}") = "lab-1", "lab-1.csproj", "{8B4F7CFA-83B4-41D0-97B4-14E1F5A5CD82}"
EndProject
Project("{FAE04EC0-301F-11D3-BF4B-00C04F79EFBC}") = "lab-4", "..\lab-4\lab-4.csproj", "{C447ED68-00F9-41D0-BB4D-F5C981C3276E}"
EndProject
Project("{FAE04EC0-301F-11D3-BF4B-00C04F79EFBC}") = "lab-5", "..\ConsoleApp1\lab-5.csproj", "{D6CCA908-4C91-46F6-9775-7DC87F2F3FCA}"
EndProject
Project("{FAE04EC0-301F-11D3-BF4B-00C04F79EFBC}") = "lab-2", "..\lab-2\lab-2.csproj", "{B916D0FF-CB49-4074-97D9-1F75449EFB95}"
EndProject
Project("{FAE04EC0-301F-11D3-BF4B-00C04F79EFBC}") = "lab-3", "..\lab-3\lab-3.csproj", "{CC292B3D-995A-46D6-AF8C-F9C66ACBF4F3}"
EndProject
Global
	GlobalSection(SolutionConfigurationPlatforms) = preSolution
		Debug|Any CPU = Debug|Any CPU
		Release|Any CPU = Release|Any CPU
	EndGlobalSection
	GlobalSection(ProjectConfigurationPlatforms) = postSolution
		{8B4F7CFA-83B4-41D0-97B4-14E1F5A5CD82}.Debug|Any CPU.ActiveCfg = Debug|Any CPU
		{8B4F7CFA-83B4-41D0-97B4-14E1F5A5CD82}.Debug|Any CPU.Build.0 = Debug|Any CPU
		{8B4F7CFA-83B4-41D0-97B4-14E1F5A5CD82}.Release|Any CPU.ActiveCfg = Release|Any CPU
		{8B4F7CFA-83B4-41D0-97B4-14E1F5A5CD82}.Release|Any CPU.Build.0 = Release|Any CPU
		{C447ED68-00F9-41D0-BB4D-F5C981C3276E}.Debug|Any CPU.ActiveCfg = Debug|Any CPU
		{C447ED68-00F9-41D0-BB4D-F5C981C3276E}.Debug|Any CPU.Build.0 = Debug|Any CPU
		{C447ED68-00F9-41D0-BB4D-F5C981C3276E}.Release|Any CPU.ActiveCfg = Release|Any CPU
		{C447ED68-00F9-41D0-BB4D-F5C981C3276E}.Release|Any CPU.Build.0 = Release|Any CPU
		{D6CCA908-4C91-46F6-9775-7DC87F2F3FCA}.Debug|Any CPU.ActiveCfg = Debug|Any CPU
		{D6CCA908-4C91-46F6-9775-7DC87F2F3FCA}.Debug|Any CPU.Build.0 = Debug|Any CPU
		{D6CCA908-4C91-46F6-9775-7DC87F2F3FCA}.Release|Any CPU.ActiveCfg = Release|Any CPU
		{D6CCA908-4C91-46F6-9775-7DC87F2F3FCA}.Release|Any CPU.Build.0 = Release|Any CPU
		{B916D0FF-CB49-4074-97D9-1F75449EFB95}.Debug|Any CPU.ActiveCfg = Debug|Any CPU
		{B916D0FF-CB49-4074-97D9-1F75449EFB95}.Debug|Any CPU.Build.0 = Debug|Any CPU
		{B916D0FF-CB49-4074-97D9-1F75449EFB95}.Release|Any CPU.ActiveCfg = Release|Any CPU
		{B916D0FF-CB49-4074-97D9-1F75449EFB95}.Release|Any CPU.Build.0 = Release|Any CPU
		{CC292B3D-995A-46D6-AF8C-F9C66ACBF4F3}.Debug|Any CPU.ActiveCfg = Debug|Any CPU
		{CC292B3D-995A-46D6-AF8C-F9C66ACBF4F3}.Debug|Any CPU.Build.0 = Debug|Any CPU
		{CC292B3D-995A-46D6-AF8C-F9C66ACBF4F3}.Release|Any CPU.ActiveCfg = Release|Any CPU
		{CC292B3D-995A-46D6-AF8C-F9C66ACBF4F3}.Release|Any CPU.Build.0 = Release|Any CPU
	EndGlobalSection
	GlobalSection(SolutionProperties) = preSolution
		HideSolutionNode = FALSE
	EndGlobalSection
	GlobalSection(ExtensibilityGlobals) = postSolution
		SolutionGuid = {39431324-1230-41B0-BE93-CBB9FF2E0EEA}
	EndGlobalSection
EndGlobal
